
Microsoft Visual Studio Solution File, Format Version 12.00
# Visual Studio 15
VisualStudioVersion = 15.0.27428.2037
MinimumVisualStudioVersion = 10.0.40219.1
Project("{FAE04EC0-301F-11D3-BF4B-00C04F79EFBC}") = "ClickDetection", "ClickDetection\ClickDetection.csproj", "{B59B53EE-7A31-4C5D-BC2C-6ED881FBD5DD}"
EndProject
Project("{FAE04EC0-301F-11D3-BF4B-00C04F79EFBC}") = "ScottPlot", "ScottPlot\src\ScottPlot\ScottPlot.csproj", "{146D9444-8D80-4049-AB17-55AE852F59E3}"
EndProject
Global
	GlobalSection(SolutionConfigurationPlatforms) = preSolution
		Debug|Any CPU = Debug|Any CPU
		Release|Any CPU = Release|Any CPU
	EndGlobalSection
	GlobalSection(ProjectConfigurationPlatforms) = postSolution
		{B59B53EE-7A31-4C5D-BC2C-6ED881FBD5DD}.Debug|Any CPU.ActiveCfg = Debug|Any CPU
		{B59B53EE-7A31-4C5D-BC2C-6ED881FBD5DD}.Debug|Any CPU.Build.0 = Debug|Any CPU
		{B59B53EE-7A31-4C5D-BC2C-6ED881FBD5DD}.Release|Any CPU.ActiveCfg = Release|Any CPU
		{B59B53EE-7A31-4C5D-BC2C-6ED881FBD5DD}.Release|Any CPU.Build.0 = Release|Any CPU
		{146D9444-8D80-4049-AB17-55AE852F59E3}.Debug|Any CPU.ActiveCfg = Debug|Any CPU
		{146D9444-8D80-4049-AB17-55AE852F59E3}.Debug|Any CPU.Build.0 = Debug|Any CPU
		{146D9444-8D80-4049-AB17-55AE852F59E3}.Release|Any CPU.ActiveCfg = Release|Any CPU
		{146D9444-8D80-4049-AB17-55AE852F59E3}.Release|Any CPU.Build.0 = Release|Any CPU
	EndGlobalSection
	GlobalSection(SolutionProperties) = preSolution
		HideSolutionNode = FALSE
	EndGlobalSection
	GlobalSection(ExtensibilityGlobals) = postSolution
		SolutionGuid = {D82A18C2-0599-41FA-9712-6D1006A84416}
	EndGlobalSection
EndGlobal
